// !$*UTF8*$!
{
	archiveVersion = 1;
	classes = {
	};
	objectVersion = 50;
	objects = {

/* Begin PBXBuildFile section */
		9CDADD2F23604749001C4042 /* AppDelegate.swift in Sources */ = {isa = PBXBuildFile; fileRef = 9CDADD2E23604749001C4042 /* AppDelegate.swift */; };
		9CDADD332360474B001C4042 /* Assets.xcassets in Resources */ = {isa = PBXBuildFile; fileRef = 9CDADD322360474B001C4042 /* Assets.xcassets */; };
		9CDADD392360474B001C4042 /* Main.storyboard in Resources */ = {isa = PBXBuildFile; fileRef = 9CDADD372360474B001C4042 /* Main.storyboard */; };
		9CDADD6023604873001C4042 /* NotificationCenter.framework in Frameworks */ = {isa = PBXBuildFile; fileRef = 9CDADD472360478D001C4042 /* NotificationCenter.framework */; };
		9CDADD6323604873001C4042 /* TodayViewController.swift in Sources */ = {isa = PBXBuildFile; fileRef = 9CDADD6223604873001C4042 /* TodayViewController.swift */; };
		9CDADD6623604873001C4042 /* TodayViewController.xib in Resources */ = {isa = PBXBuildFile; fileRef = 9CDADD6423604873001C4042 /* TodayViewController.xib */; };
		9CDADD6A23604873001C4042 /* InfoPlist.strings in Resources */ = {isa = PBXBuildFile; fileRef = 9CDADD6823604873001C4042 /* InfoPlist.strings */; };
		9CDADD6E23604873001C4042 /* QuickIP Widget.appex in Embed App Extensions */ = {isa = PBXBuildFile; fileRef = 9CDADD5F23604873001C4042 /* QuickIP Widget.appex */; settings = {ATTRIBUTES = (RemoveHeadersOnCopy, ); }; };
/* End PBXBuildFile section */

/* Begin PBXContainerItemProxy section */
		9CDADD6C23604873001C4042 /* PBXContainerItemProxy */ = {
			isa = PBXContainerItemProxy;
			containerPortal = 9CDADD2323604749001C4042 /* Project object */;
			proxyType = 1;
			remoteGlobalIDString = 9CDADD5E23604873001C4042;
			remoteInfo = "QuickIP Widget";
		};
/* End PBXContainerItemProxy section */

/* Begin PBXCopyFilesBuildPhase section */
		9CDADD5A2360478D001C4042 /* Embed App Extensions */ = {
			isa = PBXCopyFilesBuildPhase;
			buildActionMask = 2147483647;
			dstPath = "";
			dstSubfolderSpec = 13;
			files = (
				9CDADD6E23604873001C4042 /* QuickIP Widget.appex in Embed App Extensions */,
			);
			name = "Embed App Extensions";
			runOnlyForDeploymentPostprocessing = 0;
		};
/* End PBXCopyFilesBuildPhase section */

/* Begin PBXFileReference section */
		9CDADD2B23604749001C4042 /* QuickIP.app */ = {isa = PBXFileReference; explicitFileType = wrapper.application; includeInIndex = 0; path = QuickIP.app; sourceTree = BUILT_PRODUCTS_DIR; };
		9CDADD2E23604749001C4042 /* AppDelegate.swift */ = {isa = PBXFileReference; lastKnownFileType = sourcecode.swift; path = AppDelegate.swift; sourceTree = "<group>"; };
		9CDADD322360474B001C4042 /* Assets.xcassets */ = {isa = PBXFileReference; lastKnownFileType = folder.assetcatalog; path = Assets.xcassets; sourceTree = "<group>"; };
		9CDADD382360474B001C4042 /* Base */ = {isa = PBXFileReference; lastKnownFileType = file.storyboard; name = Base; path = Base.lproj/Main.storyboard; sourceTree = "<group>"; };
		9CDADD3A2360474B001C4042 /* Info.plist */ = {isa = PBXFileReference; lastKnownFileType = text.plist.xml; path = Info.plist; sourceTree = "<group>"; };
		9CDADD3B2360474B001C4042 /* QuickIP.entitlements */ = {isa = PBXFileReference; lastKnownFileType = text.plist.entitlements; path = QuickIP.entitlements; sourceTree = "<group>"; };
		9CDADD472360478D001C4042 /* NotificationCenter.framework */ = {isa = PBXFileReference; lastKnownFileType = wrapper.framework; name = NotificationCenter.framework; path = System/Library/Frameworks/NotificationCenter.framework; sourceTree = SDKROOT; };
		9CDADD5F23604873001C4042 /* QuickIP Widget.appex */ = {isa = PBXFileReference; explicitFileType = "wrapper.app-extension"; includeInIndex = 0; path = "QuickIP Widget.appex"; sourceTree = BUILT_PRODUCTS_DIR; };
		9CDADD6223604873001C4042 /* TodayViewController.swift */ = {isa = PBXFileReference; lastKnownFileType = sourcecode.swift; path = TodayViewController.swift; sourceTree = "<group>"; };
		9CDADD6523604873001C4042 /* Base */ = {isa = PBXFileReference; lastKnownFileType = file.xib; name = Base; path = Base.lproj/TodayViewController.xib; sourceTree = "<group>"; };
		9CDADD6723604873001C4042 /* Info.plist */ = {isa = PBXFileReference; lastKnownFileType = text.plist.xml; path = Info.plist; sourceTree = "<group>"; };
		9CDADD6923604873001C4042 /* en */ = {isa = PBXFileReference; lastKnownFileType = text.plist.strings; name = en; path = en.lproj/InfoPlist.strings; sourceTree = "<group>"; };
		9CDADD6B23604873001C4042 /* QuickIP_Widget.entitlements */ = {isa = PBXFileReference; lastKnownFileType = text.plist.entitlements; path = QuickIP_Widget.entitlements; sourceTree = "<group>"; };
/* End PBXFileReference section */

/* Begin PBXFrameworksBuildPhase section */
		9CDADD2823604749001C4042 /* Frameworks */ = {
			isa = PBXFrameworksBuildPhase;
			buildActionMask = 2147483647;
			files = (
			);
			runOnlyForDeploymentPostprocessing = 0;
		};
		9CDADD5C23604873001C4042 /* Frameworks */ = {
			isa = PBXFrameworksBuildPhase;
			buildActionMask = 2147483647;
			files = (
				9CDADD6023604873001C4042 /* NotificationCenter.framework in Frameworks */,
			);
			runOnlyForDeploymentPostprocessing = 0;
		};
/* End PBXFrameworksBuildPhase section */

/* Begin PBXGroup section */
		9CDADD2223604749001C4042 = {
			isa = PBXGroup;
			children = (
				9CDADD2D23604749001C4042 /* QuickIP */,
				9CDADD6123604873001C4042 /* QuickIP Widget */,
				9CDADD462360478D001C4042 /* Frameworks */,
				9CDADD2C23604749001C4042 /* Products */,
			);
			sourceTree = "<group>";
		};
		9CDADD2C23604749001C4042 /* Products */ = {
			isa = PBXGroup;
			children = (
				9CDADD2B23604749001C4042 /* QuickIP.app */,
				9CDADD5F23604873001C4042 /* QuickIP Widget.appex */,
			);
			name = Products;
			sourceTree = "<group>";
		};
		9CDADD2D23604749001C4042 /* QuickIP */ = {
			isa = PBXGroup;
			children = (
				9CDADD2E23604749001C4042 /* AppDelegate.swift */,
				9CDADD322360474B001C4042 /* Assets.xcassets */,
				9CDADD372360474B001C4042 /* Main.storyboard */,
				9CDADD3A2360474B001C4042 /* Info.plist */,
				9CDADD3B2360474B001C4042 /* QuickIP.entitlements */,
			);
			path = QuickIP;
			sourceTree = "<group>";
		};
		9CDADD462360478D001C4042 /* Frameworks */ = {
			isa = PBXGroup;
			children = (
				9CDADD472360478D001C4042 /* NotificationCenter.framework */,
			);
			name = Frameworks;
			sourceTree = "<group>";
		};
		9CDADD6123604873001C4042 /* QuickIP Widget */ = {
			isa = PBXGroup;
			children = (
				9CDADD6223604873001C4042 /* TodayViewController.swift */,
				9CDADD6423604873001C4042 /* TodayViewController.xib */,
				9CDADD6723604873001C4042 /* Info.plist */,
				9CDADD6823604873001C4042 /* InfoPlist.strings */,
				9CDADD6B23604873001C4042 /* QuickIP_Widget.entitlements */,
			);
			path = "QuickIP Widget";
			sourceTree = "<group>";
		};
/* End PBXGroup section */

/* Begin PBXNativeTarget section */
		9CDADD2A23604749001C4042 /* QuickIP */ = {
			isa = PBXNativeTarget;
			buildConfigurationList = 9CDADD3E2360474B001C4042 /* Build configuration list for PBXNativeTarget "QuickIP" */;
			buildPhases = (
				9CDADD2723604749001C4042 /* Sources */,
				9CDADD2823604749001C4042 /* Frameworks */,
				9CDADD2923604749001C4042 /* Resources */,
				9CDADD5A2360478D001C4042 /* Embed App Extensions */,
			);
			buildRules = (
			);
			dependencies = (
				9CDADD6D23604873001C4042 /* PBXTargetDependency */,
			);
			name = QuickIP;
			productName = QuickIP;
			productReference = 9CDADD2B23604749001C4042 /* QuickIP.app */;
			productType = "com.apple.product-type.application";
		};
		9CDADD5E23604873001C4042 /* QuickIP Widget */ = {
			isa = PBXNativeTarget;
			buildConfigurationList = 9CDADD6F23604873001C4042 /* Build configuration list for PBXNativeTarget "QuickIP Widget" */;
			buildPhases = (
				9CDADD5B23604873001C4042 /* Sources */,
				9CDADD5C23604873001C4042 /* Frameworks */,
				9CDADD5D23604873001C4042 /* Resources */,
			);
			buildRules = (
			);
			dependencies = (
			);
			name = "QuickIP Widget";
			productName = "QuickIP Widget";
			productReference = 9CDADD5F23604873001C4042 /* QuickIP Widget.appex */;
			productType = "com.apple.product-type.app-extension";
		};
/* End PBXNativeTarget section */

/* Begin PBXProject section */
		9CDADD2323604749001C4042 /* Project object */ = {
			isa = PBXProject;
			attributes = {
				LastSwiftUpdateCheck = 1110;
				LastUpgradeCheck = 1110;
				ORGANIZATIONNAME = "Alex Silva";
				TargetAttributes = {
					9CDADD2A23604749001C4042 = {
						CreatedOnToolsVersion = 11.1;
					};
					9CDADD5E23604873001C4042 = {
						CreatedOnToolsVersion = 11.1;
					};
				};
			};
			buildConfigurationList = 9CDADD2623604749001C4042 /* Build configuration list for PBXProject "QuickIP" */;
			compatibilityVersion = "Xcode 9.3";
			developmentRegion = en;
			hasScannedForEncodings = 0;
			knownRegions = (
				en,
				Base,
			);
			mainGroup = 9CDADD2223604749001C4042;
			productRefGroup = 9CDADD2C23604749001C4042 /* Products */;
			projectDirPath = "";
			projectRoot = "";
			targets = (
				9CDADD2A23604749001C4042 /* QuickIP */,
				9CDADD5E23604873001C4042 /* QuickIP Widget */,
			);
		};
/* End PBXProject section */

/* Begin PBXResourcesBuildPhase section */
		9CDADD2923604749001C4042 /* Resources */ = {
			isa = PBXResourcesBuildPhase;
			buildActionMask = 2147483647;
			files = (
				9CDADD392360474B001C4042 /* Main.storyboard in Resources */,
				9CDADD332360474B001C4042 /* Assets.xcassets in Resources */,
			);
			runOnlyForDeploymentPostprocessing = 0;
		};
		9CDADD5D23604873001C4042 /* Resources */ = {
			isa = PBXResourcesBuildPhase;
			buildActionMask = 2147483647;
			files = (
				9CDADD6623604873001C4042 /* TodayViewController.xib in Resources */,
				9CDADD6A23604873001C4042 /* InfoPlist.strings in Resources */,
			);
			runOnlyForDeploymentPostprocessing = 0;
		};
/* End PBXResourcesBuildPhase section */

/* Begin PBXSourcesBuildPhase section */
		9CDADD2723604749001C4042 /* Sources */ = {
			isa = PBXSourcesBuildPhase;
			buildActionMask = 2147483647;
			files = (
				9CDADD2F23604749001C4042 /* AppDelegate.swift in Sources */,
			);
			runOnlyForDeploymentPostprocessing = 0;
		};
		9CDADD5B23604873001C4042 /* Sources */ = {
			isa = PBXSourcesBuildPhase;
			buildActionMask = 2147483647;
			files = (
				9CDADD6323604873001C4042 /* TodayViewController.swift in Sources */,
			);
			runOnlyForDeploymentPostprocessing = 0;
		};
/* End PBXSourcesBuildPhase section */

/* Begin PBXTargetDependency section */
		9CDADD6D23604873001C4042 /* PBXTargetDependency */ = {
			isa = PBXTargetDependency;
			target = 9CDADD5E23604873001C4042 /* QuickIP Widget */;
			targetProxy = 9CDADD6C23604873001C4042 /* PBXContainerItemProxy */;
		};
/* End PBXTargetDependency section */

/* Begin PBXVariantGroup section */
		9CDADD372360474B001C4042 /* Main.storyboard */ = {
			isa = PBXVariantGroup;
			children = (
				9CDADD382360474B001C4042 /* Base */,
			);
			name = Main.storyboard;
			sourceTree = "<group>";
		};
		9CDADD6423604873001C4042 /* TodayViewController.xib */ = {
			isa = PBXVariantGroup;
			children = (
				9CDADD6523604873001C4042 /* Base */,
			);
			name = TodayViewController.xib;
			sourceTree = "<group>";
		};
		9CDADD6823604873001C4042 /* InfoPlist.strings */ = {
			isa = PBXVariantGroup;
			children = (
				9CDADD6923604873001C4042 /* en */,
			);
			name = InfoPlist.strings;
			sourceTree = "<group>";
		};
/* End PBXVariantGroup section */

/* Begin XCBuildConfiguration section */
		9CDADD3C2360474B001C4042 /* Debug */ = {
			isa = XCBuildConfiguration;
			buildSettings = {
				ALWAYS_SEARCH_USER_PATHS = NO;
				CLANG_ANALYZER_NONNULL = YES;
				CLANG_ANALYZER_NUMBER_OBJECT_CONVERSION = YES_AGGRESSIVE;
				CLANG_CXX_LANGUAGE_STANDARD = "gnu++14";
				CLANG_CXX_LIBRARY = "libc++";
				CLANG_ENABLE_MODULES = YES;
				CLANG_ENABLE_OBJC_ARC = YES;
				CLANG_ENABLE_OBJC_WEAK = YES;
				CLANG_WARN_BLOCK_CAPTURE_AUTORELEASING = YES;
				CLANG_WARN_BOOL_CONVERSION = YES;
				CLANG_WARN_COMMA = YES;
				CLANG_WARN_CONSTANT_CONVERSION = YES;
				CLANG_WARN_DEPRECATED_OBJC_IMPLEMENTATIONS = YES;
				CLANG_WARN_DIRECT_OBJC_ISA_USAGE = YES_ERROR;
				CLANG_WARN_DOCUMENTATION_COMMENTS = YES;
				CLANG_WARN_EMPTY_BODY = YES;
				CLANG_WARN_ENUM_CONVERSION = YES;
				CLANG_WARN_INFINITE_RECURSION = YES;
				CLANG_WARN_INT_CONVERSION = YES;
				CLANG_WARN_NON_LITERAL_NULL_CONVERSION = YES;
				CLANG_WARN_OBJC_IMPLICIT_RETAIN_SELF = YES;
				CLANG_WARN_OBJC_LITERAL_CONVERSION = YES;
				CLANG_WARN_OBJC_ROOT_CLASS = YES_ERROR;
				CLANG_WARN_RANGE_LOOP_ANALYSIS = YES;
				CLANG_WARN_STRICT_PROTOTYPES = YES;
				CLANG_WARN_SUSPICIOUS_MOVE = YES;
				CLANG_WARN_UNGUARDED_AVAILABILITY = YES_AGGRESSIVE;
				CLANG_WARN_UNREACHABLE_CODE = YES;
				CLANG_WARN__DUPLICATE_METHOD_MATCH = YES;
				COPY_PHASE_STRIP = NO;
				DEBUG_INFORMATION_FORMAT = dwarf;
				ENABLE_STRICT_OBJC_MSGSEND = YES;
				ENABLE_TESTABILITY = YES;
				GCC_C_LANGUAGE_STANDARD = gnu11;
				GCC_DYNAMIC_NO_PIC = NO;
				GCC_NO_COMMON_BLOCKS = YES;
				GCC_OPTIMIZATION_LEVEL = 0;
				GCC_PREPROCESSOR_DEFINITIONS = (
					"DEBUG=1",
					"$(inherited)",
				);
				GCC_WARN_64_TO_32_BIT_CONVERSION = YES;
				GCC_WARN_ABOUT_RETURN_TYPE = YES_ERROR;
				GCC_WARN_UNDECLARED_SELECTOR = YES;
				GCC_WARN_UNINITIALIZED_AUTOS = YES_AGGRESSIVE;
				GCC_WARN_UNUSED_FUNCTION = YES;
				GCC_WARN_UNUSED_VARIABLE = YES;
				MACOSX_DEPLOYMENT_TARGET = 10.15;
				MTL_ENABLE_DEBUG_INFO = INCLUDE_SOURCE;
				MTL_FAST_MATH = YES;
				ONLY_ACTIVE_ARCH = YES;
				SDKROOT = macosx;
				SWIFT_ACTIVE_COMPILATION_CONDITIONS = DEBUG;
				SWIFT_OPTIMIZATION_LEVEL = "-Onone";
			};
			name = Debug;
		};
		9CDADD3D2360474B001C4042 /* Release */ = {
			isa = XCBuildConfiguration;
			buildSettings = {
				ALWAYS_SEARCH_USER_PATHS = NO;
				CLANG_ANALYZER_NONNULL = YES;
				CLANG_ANALYZER_NUMBER_OBJECT_CONVERSION = YES_AGGRESSIVE;
				CLANG_CXX_LANGUAGE_STANDARD = "gnu++14";
				CLANG_CXX_LIBRARY = "libc++";
				CLANG_ENABLE_MODULES = YES;
				CLANG_ENABLE_OBJC_ARC = YES;
				CLANG_ENABLE_OBJC_WEAK = YES;
				CLANG_WARN_BLOCK_CAPTURE_AUTORELEASING = YES;
				CLANG_WARN_BOOL_CONVERSION = YES;
				CLANG_WARN_COMMA = YES;
				CLANG_WARN_CONSTANT_CONVERSION = YES;
				CLANG_WARN_DEPRECATED_OBJC_IMPLEMENTATIONS = YES;
				CLANG_WARN_DIRECT_OBJC_ISA_USAGE = YES_ERROR;
				CLANG_WARN_DOCUMENTATION_COMMENTS = YES;
				CLANG_WARN_EMPTY_BODY = YES;
				CLANG_WARN_ENUM_CONVERSION = YES;
				CLANG_WARN_INFINITE_RECURSION = YES;
				CLANG_WARN_INT_CONVERSION = YES;
				CLANG_WARN_NON_LITERAL_NULL_CONVERSION = YES;
				CLANG_WARN_OBJC_IMPLICIT_RETAIN_SELF = YES;
				CLANG_WARN_OBJC_LITERAL_CONVERSION = YES;
				CLANG_WARN_OBJC_ROOT_CLASS = YES_ERROR;
				CLANG_WARN_RANGE_LOOP_ANALYSIS = YES;
				CLANG_WARN_STRICT_PROTOTYPES = YES;
				CLANG_WARN_SUSPICIOUS_MOVE = YES;
				CLANG_WARN_UNGUARDED_AVAILABILITY = YES_AGGRESSIVE;
				CLANG_WARN_UNREACHABLE_CODE = YES;
				CLANG_WARN__DUPLICATE_METHOD_MATCH = YES;
				COPY_PHASE_STRIP = NO;
				DEBUG_INFORMATION_FORMAT = "dwarf-with-dsym";
				ENABLE_NS_ASSERTIONS = NO;
				ENABLE_STRICT_OBJC_MSGSEND = YES;
				GCC_C_LANGUAGE_STANDARD = gnu11;
				GCC_NO_COMMON_BLOCKS = YES;
				GCC_WARN_64_TO_32_BIT_CONVERSION = YES;
				GCC_WARN_ABOUT_RETURN_TYPE = YES_ERROR;
				GCC_WARN_UNDECLARED_SELECTOR = YES;
				GCC_WARN_UNINITIALIZED_AUTOS = YES_AGGRESSIVE;
				GCC_WARN_UNUSED_FUNCTION = YES;
				GCC_WARN_UNUSED_VARIABLE = YES;
				MACOSX_DEPLOYMENT_TARGET = 10.15;
				MTL_ENABLE_DEBUG_INFO = NO;
				MTL_FAST_MATH = YES;
				SDKROOT = macosx;
				SWIFT_COMPILATION_MODE = wholemodule;
				SWIFT_OPTIMIZATION_LEVEL = "-O";
			};
			name = Release;
		};
		9CDADD3F2360474B001C4042 /* Debug */ = {
			isa = XCBuildConfiguration;
			buildSettings = {
				ALWAYS_EMBED_SWIFT_STANDARD_LIBRARIES = YES;
				ASSETCATALOG_COMPILER_APPICON_NAME = AppIcon;
				CODE_SIGN_ENTITLEMENTS = QuickIP/QuickIP.entitlements;
				CODE_SIGN_STYLE = Automatic;
				COMBINE_HIDPI_IMAGES = YES;
				DEVELOPMENT_ASSET_PATHS = "\"QuickIP/Preview Content\"";
				DEVELOPMENT_TEAM = VCJ54TJ566;
				ENABLE_HARDENED_RUNTIME = YES;
				ENABLE_PREVIEWS = YES;
				INFOPLIST_FILE = QuickIP/Info.plist;
				LD_RUNPATH_SEARCH_PATHS = (
					"$(inherited)",
					"@executable_path/../Frameworks",
				);
				MACOSX_DEPLOYMENT_TARGET = 10.13;
				PRODUCT_BUNDLE_IDENTIFIER = codes.alexsilva.QuickIP;
				PRODUCT_NAME = "$(TARGET_NAME)";
				SWIFT_VERSION = 5.0;
			};
			name = Debug;
		};
		9CDADD402360474B001C4042 /* Release */ = {
			isa = XCBuildConfiguration;
			buildSettings = {
				ALWAYS_EMBED_SWIFT_STANDARD_LIBRARIES = YES;
				ASSETCATALOG_COMPILER_APPICON_NAME = AppIcon;
				CODE_SIGN_ENTITLEMENTS = QuickIP/QuickIP.entitlements;
				CODE_SIGN_STYLE = Automatic;
				COMBINE_HIDPI_IMAGES = YES;
				DEVELOPMENT_ASSET_PATHS = "\"QuickIP/Preview Content\"";
				DEVELOPMENT_TEAM = VCJ54TJ566;
				ENABLE_HARDENED_RUNTIME = YES;
				ENABLE_PREVIEWS = YES;
				INFOPLIST_FILE = QuickIP/Info.plist;
				LD_RUNPATH_SEARCH_PATHS = (
					"$(inherited)",
					"@executable_path/../Frameworks",
				);
				MACOSX_DEPLOYMENT_TARGET = 10.13;
				PRODUCT_BUNDLE_IDENTIFIER = codes.alexsilva.QuickIP;
				PRODUCT_NAME = "$(TARGET_NAME)";
				SWIFT_VERSION = 5.0;
			};
			name = Release;
		};
		9CDADD7023604873001C4042 /* Debug */ = {
			isa = XCBuildConfiguration;
			buildSettings = {
				CODE_SIGN_ENTITLEMENTS = "QuickIP Widget/QuickIP_Widget.entitlements";
				CODE_SIGN_STYLE = Automatic;
				COMBINE_HIDPI_IMAGES = YES;
				DEVELOPMENT_TEAM = VCJ54TJ566;
				ENABLE_HARDENED_RUNTIME = YES;
				INFOPLIST_FILE = "QuickIP Widget/Info.plist";
				LD_RUNPATH_SEARCH_PATHS = (
					"$(inherited)",
					"@executable_path/../Frameworks",
					"@executable_path/../../../../Frameworks",
				);
				PRODUCT_BUNDLE_IDENTIFIER = "codes.alexsilva.QuickIP.QuickIP-Widget";
				PRODUCT_NAME = "$(TARGET_NAME)";
				SKIP_INSTALL = YES;
				SWIFT_VERSION = 5.0;
			};
			name = Debug;
		};
		9CDADD7123604873001C4042 /* Release */ = {
			isa = XCBuildConfiguration;
			buildSettings = {
				CODE_SIGN_ENTITLEMENTS = "QuickIP Widget/QuickIP_Widget.entitlements";
				CODE_SIGN_STYLE = Automatic;
				COMBINE_HIDPI_IMAGES = YES;
				DEVELOPMENT_TEAM = VCJ54TJ566;
				ENABLE_HARDENED_RUNTIME = YES;
				INFOPLIST_FILE = "QuickIP Widget/Info.plist";
				LD_RUNPATH_SEARCH_PATHS = (
					"$(inherited)",
					"@executable_path/../Frameworks",
					"@executable_path/../../../../Frameworks",
				);
				PRODUCT_BUNDLE_IDENTIFIER = "codes.alexsilva.QuickIP.QuickIP-Widget";
				PRODUCT_NAME = "$(TARGET_NAME)";
				SKIP_INSTALL = YES;
				SWIFT_VERSION = 5.0;
			};
			name = Release;
		};
/* End XCBuildConfiguration section */

/* Begin XCConfigurationList section */
		9CDADD2623604749001C4042 /* Build configuration list for PBXProject "QuickIP" */ = {
			isa = XCConfigurationList;
			buildConfigurations = (
				9CDADD3C2360474B001C4042 /* Debug */,
				9CDADD3D2360474B001C4042 /* Release */,
			);
			defaultConfigurationIsVisible = 0;
			defaultConfigurationName = Release;
		};
		9CDADD3E2360474B001C4042 /* Build configuration list for PBXNativeTarget "QuickIP" */ = {
			isa = XCConfigurationList;
			buildConfigurations = (
				9CDADD3F2360474B001C4042 /* Debug */,
				9CDADD402360474B001C4042 /* Release */,
			);
			defaultConfigurationIsVisible = 0;
			defaultConfigurationName = Release;
		};
		9CDADD6F23604873001C4042 /* Build configuration list for PBXNativeTarget "QuickIP Widget" */ = {
			isa = XCConfigurationList;
			buildConfigurations = (
				9CDADD7023604873001C4042 /* Debug */,
				9CDADD7123604873001C4042 /* Release */,
			);
			defaultConfigurationIsVisible = 0;
			defaultConfigurationName = Release;
		};
/* End XCConfigurationList section */
	};
	rootObject = 9CDADD2323604749001C4042 /* Project object */;
}
