// !$*UTF8*$!
{
	archiveVersion = 1;
	classes = {
	};
	objectVersion = 50;
	objects = {

/* Begin PBXBuildFile section */
		9CF8269623A2C0CF00255E74 /* AppDelegate.swift in Sources */ = {isa = PBXBuildFile; fileRef = 9CF8269523A2C0CF00255E74 /* AppDelegate.swift */; };
		9CF8269823A2C0CF00255E74 /* ContentView.swift in Sources */ = {isa = PBXBuildFile; fileRef = 9CF8269723A2C0CF00255E74 /* ContentView.swift */; };
		9CF8269A23A2C0D200255E74 /* Assets.xcassets in Resources */ = {isa = PBXBuildFile; fileRef = 9CF8269923A2C0D200255E74 /* Assets.xcassets */; };
		9CF8269D23A2C0D200255E74 /* Preview Assets.xcassets in Resources */ = {isa = PBXBuildFile; fileRef = 9CF8269C23A2C0D200255E74 /* Preview Assets.xcassets */; };
		9CF826A023A2C0D200255E74 /* Main.storyboard in Resources */ = {isa = PBXBuildFile; fileRef = 9CF8269E23A2C0D200255E74 /* Main.storyboard */; };
		9CF826AF23A2C14000255E74 /* NotificationCenter.framework in Frameworks */ = {isa = PBXBuildFile; fileRef = 9CF826AE23A2C14000255E74 /* NotificationCenter.framework */; };
		9CF826B223A2C14000255E74 /* TodayViewController.swift in Sources */ = {isa = PBXBuildFile; fileRef = 9CF826B123A2C14000255E74 /* TodayViewController.swift */; };
		9CF826B523A2C14000255E74 /* TodayViewController.xib in Resources */ = {isa = PBXBuildFile; fileRef = 9CF826B323A2C14000255E74 /* TodayViewController.xib */; };
		9CF826B923A2C14000255E74 /* InfoPlist.strings in Resources */ = {isa = PBXBuildFile; fileRef = 9CF826B723A2C14000255E74 /* InfoPlist.strings */; };
		9CF826BD23A2C14000255E74 /* QuickIPWidget.appex in Embed App Extensions */ = {isa = PBXBuildFile; fileRef = 9CF826AC23A2C14000255E74 /* QuickIPWidget.appex */; settings = {ATTRIBUTES = (RemoveHeadersOnCopy, ); }; };
/* End PBXBuildFile section */

/* Begin PBXContainerItemProxy section */
		9CF826BB23A2C14000255E74 /* PBXContainerItemProxy */ = {
			isa = PBXContainerItemProxy;
			containerPortal = 9CF8268A23A2C0CF00255E74 /* Project object */;
			proxyType = 1;
			remoteGlobalIDString = 9CF826AB23A2C14000255E74;
			remoteInfo = QuickIPWidget;
		};
/* End PBXContainerItemProxy section */

/* Begin PBXCopyFilesBuildPhase section */
		9CF826BE23A2C14000255E74 /* Embed App Extensions */ = {
			isa = PBXCopyFilesBuildPhase;
			buildActionMask = 2147483647;
			dstPath = "";
			dstSubfolderSpec = 13;
			files = (
				9CF826BD23A2C14000255E74 /* QuickIPWidget.appex in Embed App Extensions */,
			);
			name = "Embed App Extensions";
			runOnlyForDeploymentPostprocessing = 0;
		};
/* End PBXCopyFilesBuildPhase section */

/* Begin PBXFileReference section */
		9CF8269223A2C0CF00255E74 /* QuickIP.app */ = {isa = PBXFileReference; explicitFileType = wrapper.application; includeInIndex = 0; path = QuickIP.app; sourceTree = BUILT_PRODUCTS_DIR; };
		9CF8269523A2C0CF00255E74 /* AppDelegate.swift */ = {isa = PBXFileReference; lastKnownFileType = sourcecode.swift; path = AppDelegate.swift; sourceTree = "<group>"; };
		9CF8269723A2C0CF00255E74 /* ContentView.swift */ = {isa = PBXFileReference; lastKnownFileType = sourcecode.swift; path = ContentView.swift; sourceTree = "<group>"; };
		9CF8269923A2C0D200255E74 /* Assets.xcassets */ = {isa = PBXFileReference; lastKnownFileType = folder.assetcatalog; path = Assets.xcassets; sourceTree = "<group>"; };
		9CF8269C23A2C0D200255E74 /* Preview Assets.xcassets */ = {isa = PBXFileReference; lastKnownFileType = folder.assetcatalog; path = "Preview Assets.xcassets"; sourceTree = "<group>"; };
		9CF8269F23A2C0D200255E74 /* Base */ = {isa = PBXFileReference; lastKnownFileType = file.storyboard; name = Base; path = Base.lproj/Main.storyboard; sourceTree = "<group>"; };
		9CF826A123A2C0D200255E74 /* Info.plist */ = {isa = PBXFileReference; lastKnownFileType = text.plist.xml; path = Info.plist; sourceTree = "<group>"; };
		9CF826A223A2C0D200255E74 /* QuickIP.entitlements */ = {isa = PBXFileReference; lastKnownFileType = text.plist.entitlements; path = QuickIP.entitlements; sourceTree = "<group>"; };
		9CF826AC23A2C14000255E74 /* QuickIPWidget.appex */ = {isa = PBXFileReference; explicitFileType = "wrapper.app-extension"; includeInIndex = 0; path = QuickIPWidget.appex; sourceTree = BUILT_PRODUCTS_DIR; };
		9CF826AE23A2C14000255E74 /* NotificationCenter.framework */ = {isa = PBXFileReference; lastKnownFileType = wrapper.framework; name = NotificationCenter.framework; path = System/Library/Frameworks/NotificationCenter.framework; sourceTree = SDKROOT; };
		9CF826B123A2C14000255E74 /* TodayViewController.swift */ = {isa = PBXFileReference; lastKnownFileType = sourcecode.swift; path = TodayViewController.swift; sourceTree = "<group>"; };
		9CF826B423A2C14000255E74 /* Base */ = {isa = PBXFileReference; lastKnownFileType = file.xib; name = Base; path = Base.lproj/TodayViewController.xib; sourceTree = "<group>"; };
		9CF826B623A2C14000255E74 /* Info.plist */ = {isa = PBXFileReference; lastKnownFileType = text.plist.xml; path = Info.plist; sourceTree = "<group>"; };
		9CF826B823A2C14000255E74 /* en */ = {isa = PBXFileReference; lastKnownFileType = text.plist.strings; name = en; path = en.lproj/InfoPlist.strings; sourceTree = "<group>"; };
		9CF826BA23A2C14000255E74 /* QuickIPWidget.entitlements */ = {isa = PBXFileReference; lastKnownFileType = text.plist.entitlements; path = QuickIPWidget.entitlements; sourceTree = "<group>"; };
/* End PBXFileReference section */

/* Begin PBXFrameworksBuildPhase section */
		9CF8268F23A2C0CF00255E74 /* Frameworks */ = {
			isa = PBXFrameworksBuildPhase;
			buildActionMask = 2147483647;
			files = (
			);
			runOnlyForDeploymentPostprocessing = 0;
		};
		9CF826A923A2C14000255E74 /* Frameworks */ = {
			isa = PBXFrameworksBuildPhase;
			buildActionMask = 2147483647;
			files = (
				9CF826AF23A2C14000255E74 /* NotificationCenter.framework in Frameworks */,
			);
			runOnlyForDeploymentPostprocessing = 0;
		};
/* End PBXFrameworksBuildPhase section */

/* Begin PBXGroup section */
		9CF8268923A2C0CF00255E74 = {
			isa = PBXGroup;
			children = (
				9CF8269423A2C0CF00255E74 /* QuickIP */,
				9CF826B023A2C14000255E74 /* QuickIPWidget */,
				9CF826AD23A2C14000255E74 /* Frameworks */,
				9CF8269323A2C0CF00255E74 /* Products */,
			);
			sourceTree = "<group>";
		};
		9CF8269323A2C0CF00255E74 /* Products */ = {
			isa = PBXGroup;
			children = (
				9CF8269223A2C0CF00255E74 /* QuickIP.app */,
				9CF826AC23A2C14000255E74 /* QuickIPWidget.appex */,
			);
			name = Products;
			sourceTree = "<group>";
		};
		9CF8269423A2C0CF00255E74 /* QuickIP */ = {
			isa = PBXGroup;
			children = (
				9CF8269523A2C0CF00255E74 /* AppDelegate.swift */,
				9CF8269723A2C0CF00255E74 /* ContentView.swift */,
				9CF8269923A2C0D200255E74 /* Assets.xcassets */,
				9CF8269E23A2C0D200255E74 /* Main.storyboard */,
				9CF826A123A2C0D200255E74 /* Info.plist */,
				9CF826A223A2C0D200255E74 /* QuickIP.entitlements */,
				9CF8269B23A2C0D200255E74 /* Preview Content */,
			);
			path = QuickIP;
			sourceTree = "<group>";
		};
		9CF8269B23A2C0D200255E74 /* Preview Content */ = {
			isa = PBXGroup;
			children = (
				9CF8269C23A2C0D200255E74 /* Preview Assets.xcassets */,
			);
			path = "Preview Content";
			sourceTree = "<group>";
		};
		9CF826AD23A2C14000255E74 /* Frameworks */ = {
			isa = PBXGroup;
			children = (
				9CF826AE23A2C14000255E74 /* NotificationCenter.framework */,
			);
			name = Frameworks;
			sourceTree = "<group>";
		};
		9CF826B023A2C14000255E74 /* QuickIPWidget */ = {
			isa = PBXGroup;
			children = (
				9CF826B123A2C14000255E74 /* TodayViewController.swift */,
				9CF826B323A2C14000255E74 /* TodayViewController.xib */,
				9CF826B623A2C14000255E74 /* Info.plist */,
				9CF826B723A2C14000255E74 /* InfoPlist.strings */,
				9CF826BA23A2C14000255E74 /* QuickIPWidget.entitlements */,
			);
			path = QuickIPWidget;
			sourceTree = "<group>";
		};
/* End PBXGroup section */

/* Begin PBXNativeTarget section */
		9CF8269123A2C0CF00255E74 /* QuickIP */ = {
			isa = PBXNativeTarget;
			buildConfigurationList = 9CF826A523A2C0D200255E74 /* Build configuration list for PBXNativeTarget "QuickIP" */;
			buildPhases = (
				9CF8268E23A2C0CF00255E74 /* Sources */,
				9CF8268F23A2C0CF00255E74 /* Frameworks */,
				9CF8269023A2C0CF00255E74 /* Resources */,
				9CF826BE23A2C14000255E74 /* Embed App Extensions */,
			);
			buildRules = (
			);
			dependencies = (
				9CF826BC23A2C14000255E74 /* PBXTargetDependency */,
			);
			name = QuickIP;
			productName = QuickIP;
			productReference = 9CF8269223A2C0CF00255E74 /* QuickIP.app */;
			productType = "com.apple.product-type.application";
		};
		9CF826AB23A2C14000255E74 /* QuickIPWidget */ = {
			isa = PBXNativeTarget;
			buildConfigurationList = 9CF826C123A2C14000255E74 /* Build configuration list for PBXNativeTarget "QuickIPWidget" */;
			buildPhases = (
				9CF826A823A2C14000255E74 /* Sources */,
				9CF826A923A2C14000255E74 /* Frameworks */,
				9CF826AA23A2C14000255E74 /* Resources */,
			);
			buildRules = (
			);
			dependencies = (
			);
			name = QuickIPWidget;
			productName = QuickIPWidget;
			productReference = 9CF826AC23A2C14000255E74 /* QuickIPWidget.appex */;
			productType = "com.apple.product-type.app-extension";
		};
/* End PBXNativeTarget section */

/* Begin PBXProject section */
		9CF8268A23A2C0CF00255E74 /* Project object */ = {
			isa = PBXProject;
			attributes = {
				LastSwiftUpdateCheck = 1130;
				LastUpgradeCheck = 1130;
				ORGANIZATIONNAME = "Alex Silva Codes";
				TargetAttributes = {
					9CF8269123A2C0CF00255E74 = {
						CreatedOnToolsVersion = 11.3;
					};
					9CF826AB23A2C14000255E74 = {
						CreatedOnToolsVersion = 11.3;
					};
				};
			};
			buildConfigurationList = 9CF8268D23A2C0CF00255E74 /* Build configuration list for PBXProject "QuickIP" */;
			compatibilityVersion = "Xcode 9.3";
			developmentRegion = en;
			hasScannedForEncodings = 0;
			knownRegions = (
				en,
				Base,
			);
			mainGroup = 9CF8268923A2C0CF00255E74;
			productRefGroup = 9CF8269323A2C0CF00255E74 /* Products */;
			projectDirPath = "";
			projectRoot = "";
			targets = (
				9CF8269123A2C0CF00255E74 /* QuickIP */,
				9CF826AB23A2C14000255E74 /* QuickIPWidget */,
			);
		};
/* End PBXProject section */

/* Begin PBXResourcesBuildPhase section */
		9CF8269023A2C0CF00255E74 /* Resources */ = {
			isa = PBXResourcesBuildPhase;
			buildActionMask = 2147483647;
			files = (
				9CF826A023A2C0D200255E74 /* Main.storyboard in Resources */,
				9CF8269D23A2C0D200255E74 /* Preview Assets.xcassets in Resources */,
				9CF8269A23A2C0D200255E74 /* Assets.xcassets in Resources */,
			);
			runOnlyForDeploymentPostprocessing = 0;
		};
		9CF826AA23A2C14000255E74 /* Resources */ = {
			isa = PBXResourcesBuildPhase;
			buildActionMask = 2147483647;
			files = (
				9CF826B523A2C14000255E74 /* TodayViewController.xib in Resources */,
				9CF826B923A2C14000255E74 /* InfoPlist.strings in Resources */,
			);
			runOnlyForDeploymentPostprocessing = 0;
		};
/* End PBXResourcesBuildPhase section */

/* Begin PBXSourcesBuildPhase section */
		9CF8268E23A2C0CF00255E74 /* Sources */ = {
			isa = PBXSourcesBuildPhase;
			buildActionMask = 2147483647;
			files = (
				9CF8269823A2C0CF00255E74 /* ContentView.swift in Sources */,
				9CF8269623A2C0CF00255E74 /* AppDelegate.swift in Sources */,
			);
			runOnlyForDeploymentPostprocessing = 0;
		};
		9CF826A823A2C14000255E74 /* Sources */ = {
			isa = PBXSourcesBuildPhase;
			buildActionMask = 2147483647;
			files = (
				9CF826B223A2C14000255E74 /* TodayViewController.swift in Sources */,
			);
			runOnlyForDeploymentPostprocessing = 0;
		};
/* End PBXSourcesBuildPhase section */

/* Begin PBXTargetDependency section */
		9CF826BC23A2C14000255E74 /* PBXTargetDependency */ = {
			isa = PBXTargetDependency;
			target = 9CF826AB23A2C14000255E74 /* QuickIPWidget */;
			targetProxy = 9CF826BB23A2C14000255E74 /* PBXContainerItemProxy */;
		};
/* End PBXTargetDependency section */

/* Begin PBXVariantGroup section */
		9CF8269E23A2C0D200255E74 /* Main.storyboard */ = {
			isa = PBXVariantGroup;
			children = (
				9CF8269F23A2C0D200255E74 /* Base */,
			);
			name = Main.storyboard;
			sourceTree = "<group>";
		};
		9CF826B323A2C14000255E74 /* TodayViewController.xib */ = {
			isa = PBXVariantGroup;
			children = (
				9CF826B423A2C14000255E74 /* Base */,
			);
			name = TodayViewController.xib;
			sourceTree = "<group>";
		};
		9CF826B723A2C14000255E74 /* InfoPlist.strings */ = {
			isa = PBXVariantGroup;
			children = (
				9CF826B823A2C14000255E74 /* en */,
			);
			name = InfoPlist.strings;
			sourceTree = "<group>";
		};
/* End PBXVariantGroup section */

/* Begin XCBuildConfiguration section */
		9CF826A323A2C0D200255E74 /* Debug */ = {
			isa = XCBuildConfiguration;
			buildSettings = {
				ALWAYS_SEARCH_USER_PATHS = NO;
				CLANG_ANALYZER_NONNULL = YES;
				CLANG_ANALYZER_NUMBER_OBJECT_CONVERSION = YES_AGGRESSIVE;
				CLANG_CXX_LANGUAGE_STANDARD = "gnu++14";
				CLANG_CXX_LIBRARY = "libc++";
				CLANG_ENABLE_MODULES = YES;
				CLANG_ENABLE_OBJC_ARC = YES;
				CLANG_ENABLE_OBJC_WEAK = YES;
				CLANG_WARN_BLOCK_CAPTURE_AUTORELEASING = YES;
				CLANG_WARN_BOOL_CONVERSION = YES;
				CLANG_WARN_COMMA = YES;
				CLANG_WARN_CONSTANT_CONVERSION = YES;
				CLANG_WARN_DEPRECATED_OBJC_IMPLEMENTATIONS = YES;
				CLANG_WARN_DIRECT_OBJC_ISA_USAGE = YES_ERROR;
				CLANG_WARN_DOCUMENTATION_COMMENTS = YES;
				CLANG_WARN_EMPTY_BODY = YES;
				CLANG_WARN_ENUM_CONVERSION = YES;
				CLANG_WARN_INFINITE_RECURSION = YES;
				CLANG_WARN_INT_CONVERSION = YES;
				CLANG_WARN_NON_LITERAL_NULL_CONVERSION = YES;
				CLANG_WARN_OBJC_IMPLICIT_RETAIN_SELF = YES;
				CLANG_WARN_OBJC_LITERAL_CONVERSION = YES;
				CLANG_WARN_OBJC_ROOT_CLASS = YES_ERROR;
				CLANG_WARN_RANGE_LOOP_ANALYSIS = YES;
				CLANG_WARN_STRICT_PROTOTYPES = YES;
				CLANG_WARN_SUSPICIOUS_MOVE = YES;
				CLANG_WARN_UNGUARDED_AVAILABILITY = YES_AGGRESSIVE;
				CLANG_WARN_UNREACHABLE_CODE = YES;
				CLANG_WARN__DUPLICATE_METHOD_MATCH = YES;
				COPY_PHASE_STRIP = NO;
				DEBUG_INFORMATION_FORMAT = dwarf;
				ENABLE_STRICT_OBJC_MSGSEND = YES;
				ENABLE_TESTABILITY = YES;
				GCC_C_LANGUAGE_STANDARD = gnu11;
				GCC_DYNAMIC_NO_PIC = NO;
				GCC_NO_COMMON_BLOCKS = YES;
				GCC_OPTIMIZATION_LEVEL = 0;
				GCC_PREPROCESSOR_DEFINITIONS = (
					"DEBUG=1",
					"$(inherited)",
				);
				GCC_WARN_64_TO_32_BIT_CONVERSION = YES;
				GCC_WARN_ABOUT_RETURN_TYPE = YES_ERROR;
				GCC_WARN_UNDECLARED_SELECTOR = YES;
				GCC_WARN_UNINITIALIZED_AUTOS = YES_AGGRESSIVE;
				GCC_WARN_UNUSED_FUNCTION = YES;
				GCC_WARN_UNUSED_VARIABLE = YES;
				MACOSX_DEPLOYMENT_TARGET = 10.15;
				MTL_ENABLE_DEBUG_INFO = INCLUDE_SOURCE;
				MTL_FAST_MATH = YES;
				ONLY_ACTIVE_ARCH = YES;
				SDKROOT = macosx;
				SWIFT_ACTIVE_COMPILATION_CONDITIONS = DEBUG;
				SWIFT_OPTIMIZATION_LEVEL = "-Onone";
			};
			name = Debug;
		};
		9CF826A423A2C0D200255E74 /* Release */ = {
			isa = XCBuildConfiguration;
			buildSettings = {
				ALWAYS_SEARCH_USER_PATHS = NO;
				CLANG_ANALYZER_NONNULL = YES;
				CLANG_ANALYZER_NUMBER_OBJECT_CONVERSION = YES_AGGRESSIVE;
				CLANG_CXX_LANGUAGE_STANDARD = "gnu++14";
				CLANG_CXX_LIBRARY = "libc++";
				CLANG_ENABLE_MODULES = YES;
				CLANG_ENABLE_OBJC_ARC = YES;
				CLANG_ENABLE_OBJC_WEAK = YES;
				CLANG_WARN_BLOCK_CAPTURE_AUTORELEASING = YES;
				CLANG_WARN_BOOL_CONVERSION = YES;
				CLANG_WARN_COMMA = YES;
				CLANG_WARN_CONSTANT_CONVERSION = YES;
				CLANG_WARN_DEPRECATED_OBJC_IMPLEMENTATIONS = YES;
				CLANG_WARN_DIRECT_OBJC_ISA_USAGE = YES_ERROR;
				CLANG_WARN_DOCUMENTATION_COMMENTS = YES;
				CLANG_WARN_EMPTY_BODY = YES;
				CLANG_WARN_ENUM_CONVERSION = YES;
				CLANG_WARN_INFINITE_RECURSION = YES;
				CLANG_WARN_INT_CONVERSION = YES;
				CLANG_WARN_NON_LITERAL_NULL_CONVERSION = YES;
				CLANG_WARN_OBJC_IMPLICIT_RETAIN_SELF = YES;
				CLANG_WARN_OBJC_LITERAL_CONVERSION = YES;
				CLANG_WARN_OBJC_ROOT_CLASS = YES_ERROR;
				CLANG_WARN_RANGE_LOOP_ANALYSIS = YES;
				CLANG_WARN_STRICT_PROTOTYPES = YES;
				CLANG_WARN_SUSPICIOUS_MOVE = YES;
				CLANG_WARN_UNGUARDED_AVAILABILITY = YES_AGGRESSIVE;
				CLANG_WARN_UNREACHABLE_CODE = YES;
				CLANG_WARN__DUPLICATE_METHOD_MATCH = YES;
				COPY_PHASE_STRIP = NO;
				DEBUG_INFORMATION_FORMAT = "dwarf-with-dsym";
				ENABLE_NS_ASSERTIONS = NO;
				ENABLE_STRICT_OBJC_MSGSEND = YES;
				GCC_C_LANGUAGE_STANDARD = gnu11;
				GCC_NO_COMMON_BLOCKS = YES;
				GCC_WARN_64_TO_32_BIT_CONVERSION = YES;
				GCC_WARN_ABOUT_RETURN_TYPE = YES_ERROR;
				GCC_WARN_UNDECLARED_SELECTOR = YES;
				GCC_WARN_UNINITIALIZED_AUTOS = YES_AGGRESSIVE;
				GCC_WARN_UNUSED_FUNCTION = YES;
				GCC_WARN_UNUSED_VARIABLE = YES;
				MACOSX_DEPLOYMENT_TARGET = 10.15;
				MTL_ENABLE_DEBUG_INFO = NO;
				MTL_FAST_MATH = YES;
				SDKROOT = macosx;
				SWIFT_COMPILATION_MODE = wholemodule;
				SWIFT_OPTIMIZATION_LEVEL = "-O";
			};
			name = Release;
		};
		9CF826A623A2C0D200255E74 /* Debug */ = {
			isa = XCBuildConfiguration;
			buildSettings = {
				ALWAYS_EMBED_SWIFT_STANDARD_LIBRARIES = YES;
				ASSETCATALOG_COMPILER_APPICON_NAME = AppIcon;
				CODE_SIGN_ENTITLEMENTS = QuickIP/QuickIP.entitlements;
				CODE_SIGN_STYLE = Automatic;
				COMBINE_HIDPI_IMAGES = YES;
				DEVELOPMENT_ASSET_PATHS = "\"QuickIP/Preview Content\"";
				DEVELOPMENT_TEAM = VCJ54TJ566;
				ENABLE_HARDENED_RUNTIME = YES;
				ENABLE_PREVIEWS = YES;
				INFOPLIST_FILE = QuickIP/Info.plist;
				LD_RUNPATH_SEARCH_PATHS = (
					"$(inherited)",
					"@executable_path/../Frameworks",
				);
				MACOSX_DEPLOYMENT_TARGET = 10.15;
				PRODUCT_BUNDLE_IDENTIFIER = codes.alexsilva.QuickIP;
				PRODUCT_NAME = "$(TARGET_NAME)";
				SWIFT_VERSION = 5.0;
			};
			name = Debug;
		};
		9CF826A723A2C0D200255E74 /* Release */ = {
			isa = XCBuildConfiguration;
			buildSettings = {
				ALWAYS_EMBED_SWIFT_STANDARD_LIBRARIES = YES;
				ASSETCATALOG_COMPILER_APPICON_NAME = AppIcon;
				CODE_SIGN_ENTITLEMENTS = QuickIP/QuickIP.entitlements;
				CODE_SIGN_STYLE = Automatic;
				COMBINE_HIDPI_IMAGES = YES;
				DEVELOPMENT_ASSET_PATHS = "\"QuickIP/Preview Content\"";
				DEVELOPMENT_TEAM = VCJ54TJ566;
				ENABLE_HARDENED_RUNTIME = YES;
				ENABLE_PREVIEWS = YES;
				INFOPLIST_FILE = QuickIP/Info.plist;
				LD_RUNPATH_SEARCH_PATHS = (
					"$(inherited)",
					"@executable_path/../Frameworks",
				);
				MACOSX_DEPLOYMENT_TARGET = 10.15;
				PRODUCT_BUNDLE_IDENTIFIER = codes.alexsilva.QuickIP;
				PRODUCT_NAME = "$(TARGET_NAME)";
				SWIFT_VERSION = 5.0;
			};
			name = Release;
		};
		9CF826BF23A2C14000255E74 /* Debug */ = {
			isa = XCBuildConfiguration;
			buildSettings = {
				CODE_SIGN_ENTITLEMENTS = QuickIPWidget/QuickIPWidget.entitlements;
				CODE_SIGN_STYLE = Automatic;
				COMBINE_HIDPI_IMAGES = YES;
				DEVELOPMENT_TEAM = VCJ54TJ566;
				ENABLE_HARDENED_RUNTIME = YES;
				INFOPLIST_FILE = QuickIPWidget/Info.plist;
				LD_RUNPATH_SEARCH_PATHS = (
					"$(inherited)",
					"@executable_path/../Frameworks",
					"@executable_path/../../../../Frameworks",
				);
				PRODUCT_BUNDLE_IDENTIFIER = codes.alexsilva.QuickIP.QuickIPWidget;
				PRODUCT_NAME = "$(TARGET_NAME)";
				SKIP_INSTALL = YES;
				SWIFT_VERSION = 5.0;
			};
			name = Debug;
		};
		9CF826C023A2C14000255E74 /* Release */ = {
			isa = XCBuildConfiguration;
			buildSettings = {
				CODE_SIGN_ENTITLEMENTS = QuickIPWidget/QuickIPWidget.entitlements;
				CODE_SIGN_STYLE = Automatic;
				COMBINE_HIDPI_IMAGES = YES;
				DEVELOPMENT_TEAM = VCJ54TJ566;
				ENABLE_HARDENED_RUNTIME = YES;
				INFOPLIST_FILE = QuickIPWidget/Info.plist;
				LD_RUNPATH_SEARCH_PATHS = (
					"$(inherited)",
					"@executable_path/../Frameworks",
					"@executable_path/../../../../Frameworks",
				);
				PRODUCT_BUNDLE_IDENTIFIER = codes.alexsilva.QuickIP.QuickIPWidget;
				PRODUCT_NAME = "$(TARGET_NAME)";
				SKIP_INSTALL = YES;
				SWIFT_VERSION = 5.0;
			};
			name = Release;
		};
/* End XCBuildConfiguration section */

/* Begin XCConfigurationList section */
		9CF8268D23A2C0CF00255E74 /* Build configuration list for PBXProject "QuickIP" */ = {
			isa = XCConfigurationList;
			buildConfigurations = (
				9CF826A323A2C0D200255E74 /* Debug */,
				9CF826A423A2C0D200255E74 /* Release */,
			);
			defaultConfigurationIsVisible = 0;
			defaultConfigurationName = Release;
		};
		9CF826A523A2C0D200255E74 /* Build configuration list for PBXNativeTarget "QuickIP" */ = {
			isa = XCConfigurationList;
			buildConfigurations = (
				9CF826A623A2C0D200255E74 /* Debug */,
				9CF826A723A2C0D200255E74 /* Release */,
			);
			defaultConfigurationIsVisible = 0;
			defaultConfigurationName = Release;
		};
		9CF826C123A2C14000255E74 /* Build configuration list for PBXNativeTarget "QuickIPWidget" */ = {
			isa = XCConfigurationList;
			buildConfigurations = (
				9CF826BF23A2C14000255E74 /* Debug */,
				9CF826C023A2C14000255E74 /* Release */,
			);
			defaultConfigurationIsVisible = 0;
			defaultConfigurationName = Release;
		};
/* End XCConfigurationList section */
	};
	rootObject = 9CF8268A23A2C0CF00255E74 /* Project object */;
}
